
Microsoft Visual Studio Solution File, Format Version 12.00
# Visual Studio Version 16
VisualStudioVersion = 16.0.31613.86
MinimumVisualStudioVersion = 10.0.40219.1
Project("{FAE04EC0-301F-11D3-BF4B-00C04F79EFBC}") = "Login", "Login\Login.csproj", "{CDDA1A2A-F38A-4263-A3B8-3C7EAAB091CB}"
EndProject
Global
	GlobalSection(SolutionConfigurationPlatforms) = preSolution
		Debug|Any CPU = Debug|Any CPU
		Release|Any CPU = Release|Any CPU
	EndGlobalSection
	GlobalSection(ProjectConfigurationPlatforms) = postSolution
		{CDDA1A2A-F38A-4263-A3B8-3C7EAAB091CB}.Debug|Any CPU.ActiveCfg = Debug|Any CPU
		{CDDA1A2A-F38A-4263-A3B8-3C7EAAB091CB}.Debug|Any CPU.Build.0 = Debug|Any CPU
		{CDDA1A2A-F38A-4263-A3B8-3C7EAAB091CB}.Release|Any CPU.ActiveCfg = Release|Any CPU
		{CDDA1A2A-F38A-4263-A3B8-3C7EAAB091CB}.Release|Any CPU.Build.0 = Release|Any CPU
	EndGlobalSection
	GlobalSection(SolutionProperties) = preSolution
		HideSolutionNode = FALSE
	EndGlobalSection
	GlobalSection(ExtensibilityGlobals) = postSolution
		SolutionGuid = {C937D322-B026-4058-94AC-C2D7A83B9E31}
	EndGlobalSection
EndGlobal
